[[package]]
name = "certifi"
version = "2024.8.30"
description = "Python package for providing Mozilla's CA Bundle."
category = "dev"
optional = false
python-versions = ">=3.6"

[[package]]
name = "cffi"
version = "1.17.1"
description = "Foreign Function Interface for Python calling C code."
category = "main"
optional = false
python-versions = ">=3.8"

[package.dependencies]
pycparser = "*"

[[package]]
name = "cryptography"
version = "41.0.7"
description = "cryptography is a package which provides cryptographic recipes and primitives to Python developers."
category = "main"
optional = false
python-versions = ">=3.7"

[package.dependencies]
cffi = ">=1.12"

[package.extras]
docs = ["sphinx (>=5.3.0)", "sphinx-rtd-theme (>=1.1.1)"]
docstest = ["pyenchant (>=1.6.11)", "twine (>=1.12.0)", "sphinxcontrib-spelling (>=4.0.1)"]
nox = ["nox"]
pep8test = ["black", "ruff", "mypy", "check-sdist"]
sdist = ["build"]
ssh = ["bcrypt (>=3.1.5)"]
test = ["pytest (>=6.2.0)", "pytest-benchmark", "pytest-cov", "pytest-xdist", "pretend"]
test-randomorder = ["pytest-randomly"]

[[package]]
name = "pycparser"
version = "2.22"
description = "C parser in Python"
category = "main"
optional = false
python-versions = ">=3.8"

[[package]]
name = "python-dotenv"
version = "0.21.1"
description = "Read key-value pairs from a .env file and set them as environment variables"
category = "main"
optional = false
python-versions = ">=3.7"

[package.extras]
cli = ["click (>=5.0)"]

[[package]]
name = "python-dotenv-vault"
version = "0.6.4"
description = "Decrypt .env.vault file."
category = "main"
optional = false
python-versions = "*"

[package.dependencies]
cryptography = ">41.0.3,<42.0.0"
python-dotenv = ">=0.21.0,<0.22.0"

[metadata]
lock-version = "1.1"
python-versions = "^3.10"
content-hash = "4b624e96039e13ab3e0a61003d35da4ce9dae62349c5c6ca01484f35cc51b380"

[metadata.files]
certifi = []
cffi = []
cryptography = []
pycparser = []
python-dotenv = []
python-dotenv-vault = []
